
Microsoft Visual Studio Solution File, Format Version 12.00
# Visual Studio Version 17
VisualStudioVersion = 17.0.31912.275
MinimumVisualStudioVersion = 10.0.40219.1
Project("{FAE04EC0-301F-11D3-BF4B-00C04F79EFBC}") = "AUD-jpg2word", "AUD-jpg2word\AUD-jpg2word.csproj", "{63A3D5F7-1A86-4E3F-8794-D76B18F66BCE}"
EndProject
Global
	GlobalSection(SolutionConfigurationPlatforms) = preSolution
		Debug|Any CPU = Debug|Any CPU
		Release|Any CPU = Release|Any CPU
	EndGlobalSection
	GlobalSection(ProjectConfigurationPlatforms) = postSolution
		{63A3D5F7-1A86-4E3F-8794-D76B18F66BCE}.Debug|Any CPU.ActiveCfg = Debug|Any CPU
		{63A3D5F7-1A86-4E3F-8794-D76B18F66BCE}.Debug|Any CPU.Build.0 = Debug|Any CPU
		{63A3D5F7-1A86-4E3F-8794-D76B18F66BCE}.Release|Any CPU.ActiveCfg = Release|Any CPU
		{63A3D5F7-1A86-4E3F-8794-D76B18F66BCE}.Release|Any CPU.Build.0 = Release|Any CPU
	EndGlobalSection
	GlobalSection(SolutionProperties) = preSolution
		HideSolutionNode = FALSE
	EndGlobalSection
	GlobalSection(ExtensibilityGlobals) = postSolution
		SolutionGuid = {B73D4DEE-5A94-43C3-AA84-DF85575F72A9}
	EndGlobalSection
EndGlobal
